
Microsoft Visual Studio Solution File, Format Version 12.00
# Visual Studio Version 16
VisualStudioVersion = 16.0.28729.10
MinimumVisualStudioVersion = 10.0.40219.1
Project("{FAE04EC0-301F-11D3-BF4B-00C04F79EFBC}") = "ConsoleUI", "ConsoleUI\ConsoleUI.csproj", "{6D4FF533-23B4-44C5-B380-58800AC68753}"
EndProject
Project("{FAE04EC0-301F-11D3-BF4B-00C04F79EFBC}") = "DemoLibrary", "DemoLibrary\DemoLibrary.csproj", "{0B3DBCA8-BDF0-4FE4-9887-6AB10863D869}"
EndProject
Global
	GlobalSection(SolutionConfigurationPlatforms) = preSolution
		Debug|Any CPU = Debug|Any CPU
		Release|Any CPU = Release|Any CPU
	EndGlobalSection
	GlobalSection(ProjectConfigurationPlatforms) = postSolution
		{6D4FF533-23B4-44C5-B380-58800AC68753}.Debug|Any CPU.ActiveCfg = Debug|Any CPU
		{6D4FF533-23B4-44C5-B380-58800AC68753}.Debug|Any CPU.Build.0 = Debug|Any CPU
		{6D4FF533-23B4-44C5-B380-58800AC68753}.Release|Any CPU.ActiveCfg = Release|Any CPU
		{6D4FF533-23B4-44C5-B380-58800AC68753}.Release|Any CPU.Build.0 = Release|Any CPU
		{0B3DBCA8-BDF0-4FE4-9887-6AB10863D869}.Debug|Any CPU.ActiveCfg = Debug|Any CPU
		{0B3DBCA8-BDF0-4FE4-9887-6AB10863D869}.Debug|Any CPU.Build.0 = Debug|Any CPU
		{0B3DBCA8-BDF0-4FE4-9887-6AB10863D869}.Release|Any CPU.ActiveCfg = Release|Any CPU
		{0B3DBCA8-BDF0-4FE4-9887-6AB10863D869}.Release|Any CPU.Build.0 = Release|Any CPU
	EndGlobalSection
	GlobalSection(SolutionProperties) = preSolution
		HideSolutionNode = FALSE
	EndGlobalSection
	GlobalSection(ExtensibilityGlobals) = postSolution
		SolutionGuid = {474C1E46-4D77-402E-90CB-EE45051EBED2}
	EndGlobalSection
EndGlobal
